uuid: 50d44612-dcc8-4e02-91a2-681c81bf92d1
langcode: en
status: true
dependencies:
  content:
    - 'block_content:basic:f50ebf01-52be-4809-bdbd-fd6690646000'
  module:
    - block_content
  theme:
    - krtk0
id: footercontactsblock
theme: krtk0
region: footer
weight: -22
provider: null
plugin: 'block_content:f50ebf01-52be-4809-bdbd-fd6690646000'
settings:
  id: 'block_content:f50ebf01-52be-4809-bdbd-fd6690646000'
  label: Contacts
  provider: block_content
  label_display: visible
  status: true
  info: ''
  view_mode: full
visibility: {  }
