uuid: 7341bd82-55de-4136-9c6a-dfc38a707a2c
langcode: en
status: true
dependencies:
  content:
    - 'block_content:basic:e4271283-d9a7-47dc-accb-2048811d1329'
  module:
    - block_content
  theme:
    - krtk_interim
id: footeraddressblock
theme: krtk_interim
region: footer_fifth
weight: -9
provider: null
plugin: 'block_content:e4271283-d9a7-47dc-accb-2048811d1329'
settings:
  id: 'block_content:e4271283-d9a7-47dc-accb-2048811d1329'
  label: 'Footer Address block'
  provider: block_content
  label_display: '0'
  status: true
  info: ''
  view_mode: full
visibility: {  }
