uuid: 9d8dab47-bfa0-4175-8243-dd9be9dbcdd6
langcode: en
status: true
dependencies:
  config:
    - contact.form.feedback
  module:
    - contact_block
  theme:
    - krtk0
id: contactblock
theme: krtk0
region: footer
weight: -32
provider: null
plugin: contact_block
settings:
  id: contact_block
  label: 'Contact block'
  provider: contact_block
  label_display: '0'
  contact_form: feedback
visibility: {  }
