uuid: be2cc230-11f1-4a11-9d07-647412c9efb4
langcode: en
status: true
dependencies:
  content:
    - 'block_content:basic:44d25857-98d6-472b-adac-db9107a0d8e0'
  module:
    - block_content
    - system
  theme:
    - krtk0
id: blankblock
theme: krtk0
region: header
weight: -29
provider: null
plugin: 'block_content:44d25857-98d6-472b-adac-db9107a0d8e0'
settings:
  id: 'block_content:44d25857-98d6-472b-adac-db9107a0d8e0'
  label: 'Blank block'
  provider: block_content
  label_display: '0'
  status: true
  info: ''
  view_mode: full
visibility:
  request_path:
    id: request_path
    pages: '<front>'
    negate: true
    context_mapping: {  }
